
Microsoft Visual Studio Solution File, Format Version 12.00
Project("{FAE04EC0-301F-11D3-BF4B-00C04F79EFBC}") = "ScenariumEditor.NET", "ScenariumEditor.NET\ScenariumEditor.NET.csproj", "{346482BC-E92E-4E4C-BF00-F382DF4B54DA}"
EndProject
Project("{FAE04EC0-301F-11D3-BF4B-00C04F79EFBC}") = "GraphLib", "GraphLib\GraphLib.csproj", "{5BC19293-C026-4B79-AFF5-24D2EE911B77}"
EndProject
Project("{FAE04EC0-301F-11D3-BF4B-00C04F79EFBC}") = "CoreInterop", "CoreInterop\CoreInterop.csproj", "{4834F793-8EFA-40C5-8329-10A83EFE71F1}"
EndProject
Project("{FAE04EC0-301F-11D3-BF4B-00C04F79EFBC}") = "ConsolePlayground", "ConsolePlayground\ConsolePlayground.csproj", "{8394D066-8DA0-4C56-9B6D-EF2B8DDB8FBD}"
EndProject
Project("{FAE04EC0-301F-11D3-BF4B-00C04F79EFBC}") = "InteropTests", "InteropTests\InteropTests.csproj", "{38AAE86B-8DEB-44EE-9291-E17497B5F076}"
EndProject
Global
	GlobalSection(SolutionConfigurationPlatforms) = preSolution
		Debug|Any CPU = Debug|Any CPU
		Release|Any CPU = Release|Any CPU
	EndGlobalSection
	GlobalSection(ProjectConfigurationPlatforms) = postSolution
		{346482BC-E92E-4E4C-BF00-F382DF4B54DA}.Debug|Any CPU.ActiveCfg = Debug|Any CPU
		{346482BC-E92E-4E4C-BF00-F382DF4B54DA}.Debug|Any CPU.Build.0 = Debug|Any CPU
		{346482BC-E92E-4E4C-BF00-F382DF4B54DA}.Release|Any CPU.ActiveCfg = Release|Any CPU
		{346482BC-E92E-4E4C-BF00-F382DF4B54DA}.Release|Any CPU.Build.0 = Release|Any CPU
		{5BC19293-C026-4B79-AFF5-24D2EE911B77}.Debug|Any CPU.ActiveCfg = Debug|Any CPU
		{5BC19293-C026-4B79-AFF5-24D2EE911B77}.Debug|Any CPU.Build.0 = Debug|Any CPU
		{5BC19293-C026-4B79-AFF5-24D2EE911B77}.Release|Any CPU.ActiveCfg = Release|Any CPU
		{5BC19293-C026-4B79-AFF5-24D2EE911B77}.Release|Any CPU.Build.0 = Release|Any CPU
		{4834F793-8EFA-40C5-8329-10A83EFE71F1}.Debug|Any CPU.ActiveCfg = Debug|Any CPU
		{4834F793-8EFA-40C5-8329-10A83EFE71F1}.Debug|Any CPU.Build.0 = Debug|Any CPU
		{4834F793-8EFA-40C5-8329-10A83EFE71F1}.Release|Any CPU.ActiveCfg = Release|Any CPU
		{4834F793-8EFA-40C5-8329-10A83EFE71F1}.Release|Any CPU.Build.0 = Release|Any CPU
		{8394D066-8DA0-4C56-9B6D-EF2B8DDB8FBD}.Debug|Any CPU.ActiveCfg = Debug|Any CPU
		{8394D066-8DA0-4C56-9B6D-EF2B8DDB8FBD}.Debug|Any CPU.Build.0 = Debug|Any CPU
		{8394D066-8DA0-4C56-9B6D-EF2B8DDB8FBD}.Release|Any CPU.ActiveCfg = Release|Any CPU
		{8394D066-8DA0-4C56-9B6D-EF2B8DDB8FBD}.Release|Any CPU.Build.0 = Release|Any CPU
		{38AAE86B-8DEB-44EE-9291-E17497B5F076}.Debug|Any CPU.ActiveCfg = Debug|Any CPU
		{38AAE86B-8DEB-44EE-9291-E17497B5F076}.Debug|Any CPU.Build.0 = Debug|Any CPU
		{38AAE86B-8DEB-44EE-9291-E17497B5F076}.Release|Any CPU.ActiveCfg = Release|Any CPU
		{38AAE86B-8DEB-44EE-9291-E17497B5F076}.Release|Any CPU.Build.0 = Release|Any CPU
	EndGlobalSection
EndGlobal
